// !$*UTF8*$!
{
	archiveVersion = 1;
	classes = {
	};
	objectVersion = 46;
	objects = {

/* Begin PBXBuildFile section */
		FD85AB951BB8C684009F766F /* main.m in Sources */ = {isa = PBXBuildFile; fileRef = FD85AB941BB8C684009F766F /* main.m */; };
		FD85AB981BB8C684009F766F /* AppDelegate.m in Sources */ = {isa = PBXBuildFile; fileRef = FD85AB971BB8C684009F766F /* AppDelegate.m */; };
		FD85AB9B1BB8C684009F766F /* AbsolutePunkiOS.xcdatamodeld in Sources */ = {isa = PBXBuildFile; fileRef = FD85AB991BB8C684009F766F /* AbsolutePunkiOS.xcdatamodeld */; };
		FD85AB9E1BB8C684009F766F /* HomeTableViewController.m in Sources */ = {isa = PBXBuildFile; fileRef = FD85AB9D1BB8C684009F766F /* HomeTableViewController.m */; };
		FD85ABA11BB8C684009F766F /* Main.storyboard in Resources */ = {isa = PBXBuildFile; fileRef = FD85AB9F1BB8C684009F766F /* Main.storyboard */; };
		FD85ABA31BB8C684009F766F /* Images.xcassets in Resources */ = {isa = PBXBuildFile; fileRef = FD85ABA21BB8C684009F766F /* Images.xcassets */; };
		FD85ABA61BB8C684009F766F /* LaunchScreen.xib in Resources */ = {isa = PBXBuildFile; fileRef = FD85ABA41BB8C684009F766F /* LaunchScreen.xib */; };
		FD85ABB21BB8C684009F766F /* AbsolutePunkiOSTests.m in Sources */ = {isa = PBXBuildFile; fileRef = FD85ABB11BB8C684009F766F /* AbsolutePunkiOSTests.m */; };
		FDC7283A1BB9118A0063BED1 /* APItemTableViewCell.m in Sources */ = {isa = PBXBuildFile; fileRef = FDC728391BB9118A0063BED1 /* APItemTableViewCell.m */; };
		FDC7283C1BB911C90063BED1 /* APItemTableViewCell.xib in Resources */ = {isa = PBXBuildFile; fileRef = FDC7283B1BB911C90063BED1 /* APItemTableViewCell.xib */; };
		FDC728401BB912A20063BED1 /* APBaseTableViewCell.m in Sources */ = {isa = PBXBuildFile; fileRef = FDC7283F1BB912A20063BED1 /* APBaseTableViewCell.m */; };
/* End PBXBuildFile section */

/* Begin PBXContainerItemProxy section */
		FD85ABAC1BB8C684009F766F /* PBXContainerItemProxy */ = {
			isa = PBXContainerItemProxy;
			containerPortal = FD85AB871BB8C684009F766F /* Project object */;
			proxyType = 1;
			remoteGlobalIDString = FD85AB8E1BB8C684009F766F;
			remoteInfo = AbsolutePunkiOS;
		};
/* End PBXContainerItemProxy section */

/* Begin PBXFileReference section */
		FD85AB8F1BB8C684009F766F /* AbsolutePunkiOS.app */ = {isa = PBXFileReference; explicitFileType = wrapper.application; includeInIndex = 0; path = AbsolutePunkiOS.app; sourceTree = BUILT_PRODUCTS_DIR; };
		FD85AB931BB8C684009F766F /* Info.plist */ = {isa = PBXFileReference; lastKnownFileType = text.plist.xml; path = Info.plist; sourceTree = "<group>"; };
		FD85AB941BB8C684009F766F /* main.m */ = {isa = PBXFileReference; lastKnownFileType = sourcecode.c.objc; path = main.m; sourceTree = "<group>"; };
		FD85AB961BB8C684009F766F /* AppDelegate.h */ = {isa = PBXFileReference; lastKnownFileType = sourcecode.c.h; path = AppDelegate.h; sourceTree = "<group>"; };
		FD85AB971BB8C684009F766F /* AppDelegate.m */ = {isa = PBXFileReference; lastKnownFileType = sourcecode.c.objc; path = AppDelegate.m; sourceTree = "<group>"; };
		FD85AB9A1BB8C684009F766F /* AbsolutePunkiOS.xcdatamodel */ = {isa = PBXFileReference; lastKnownFileType = wrapper.xcdatamodel; path = AbsolutePunkiOS.xcdatamodel; sourceTree = "<group>"; };
		FD85AB9C1BB8C684009F766F /* HomeTableViewController.h */ = {isa = PBXFileReference; lastKnownFileType = sourcecode.c.h; path = HomeTableViewController.h; sourceTree = "<group>"; };
		FD85AB9D1BB8C684009F766F /* HomeTableViewController.m */ = {isa = PBXFileReference; lastKnownFileType = sourcecode.c.objc; path = HomeTableViewController.m; sourceTree = "<group>"; };
		FD85ABA01BB8C684009F766F /* Base */ = {isa = PBXFileReference; lastKnownFileType = file.storyboard; name = Base; path = Base.lproj/Main.storyboard; sourceTree = "<group>"; };
		FD85ABA21BB8C684009F766F /* Images.xcassets */ = {isa = PBXFileReference; lastKnownFileType = folder.assetcatalog; path = Images.xcassets; sourceTree = "<group>"; };
		FD85ABA51BB8C684009F766F /* Base */ = {isa = PBXFileReference; lastKnownFileType = file.xib; name = Base; path = Base.lproj/LaunchScreen.xib; sourceTree = "<group>"; };
		FD85ABAB1BB8C684009F766F /* AbsolutePunkiOSTests.xctest */ = {isa = PBXFileReference; explicitFileType = wrapper.cfbundle; includeInIndex = 0; path = AbsolutePunkiOSTests.xctest; sourceTree = BUILT_PRODUCTS_DIR; };
		FD85ABB01BB8C684009F766F /* Info.plist */ = {isa = PBXFileReference; lastKnownFileType = text.plist.xml; path = Info.plist; sourceTree = "<group>"; };
		FD85ABB11BB8C684009F766F /* AbsolutePunkiOSTests.m */ = {isa = PBXFileReference; lastKnownFileType = sourcecode.c.objc; path = AbsolutePunkiOSTests.m; sourceTree = "<group>"; };
		FD85ABBB1BB9097A009F766F /* KeyParser.h */ = {isa = PBXFileReference; lastKnownFileType = sourcecode.c.h; path = KeyParser.h; sourceTree = "<group>"; };
		FDC728381BB911680063BED1 /* APItemTableViewCell.h */ = {isa = PBXFileReference; lastKnownFileType = sourcecode.c.h; path = APItemTableViewCell.h; sourceTree = "<group>"; };
		FDC728391BB9118A0063BED1 /* APItemTableViewCell.m */ = {isa = PBXFileReference; fileEncoding = 4; lastKnownFileType = sourcecode.c.objc; path = APItemTableViewCell.m; sourceTree = "<group>"; };
		FDC7283B1BB911C90063BED1 /* APItemTableViewCell.xib */ = {isa = PBXFileReference; fileEncoding = 4; lastKnownFileType = file.xib; path = APItemTableViewCell.xib; sourceTree = "<group>"; };
		FDC7283E1BB912960063BED1 /* APBaseTableViewCell.h */ = {isa = PBXFileReference; lastKnownFileType = sourcecode.c.h; path = APBaseTableViewCell.h; sourceTree = "<group>"; };
		FDC7283F1BB912A20063BED1 /* APBaseTableViewCell.m */ = {isa = PBXFileReference; fileEncoding = 4; lastKnownFileType = sourcecode.c.objc; path = APBaseTableViewCell.m; sourceTree = "<group>"; };
/* End PBXFileReference section */

/* Begin PBXFrameworksBuildPhase section */
		FD85AB8C1BB8C684009F766F /* Frameworks */ = {
			isa = PBXFrameworksBuildPhase;
			buildActionMask = 2147483647;
			files = (
			);
			runOnlyForDeploymentPostprocessing = 0;
		};
		FD85ABA81BB8C684009F766F /* Frameworks */ = {
			isa = PBXFrameworksBuildPhase;
			buildActionMask = 2147483647;
			files = (
			);
			runOnlyForDeploymentPostprocessing = 0;
		};
/* End PBXFrameworksBuildPhase section */

/* Begin PBXGroup section */
		FD85AB861BB8C684009F766F = {
			isa = PBXGroup;
			children = (
				FD85AB911BB8C684009F766F /* AbsolutePunkiOS */,
				FD85ABAE1BB8C684009F766F /* AbsolutePunkiOSTests */,
				FD85AB901BB8C684009F766F /* Products */,
			);
			sourceTree = "<group>";
		};
		FD85AB901BB8C684009F766F /* Products */ = {
			isa = PBXGroup;
			children = (
				FD85AB8F1BB8C684009F766F /* AbsolutePunkiOS.app */,
				FD85ABAB1BB8C684009F766F /* AbsolutePunkiOSTests.xctest */,
			);
			name = Products;
			sourceTree = "<group>";
		};
		FD85AB911BB8C684009F766F /* AbsolutePunkiOS */ = {
			isa = PBXGroup;
			children = (
				FD85AB961BB8C684009F766F /* AppDelegate.h */,
				FD85AB971BB8C684009F766F /* AppDelegate.m */,
				FDC7283D1BB912750063BED1 /* Base Class */,
				FDC728381BB911680063BED1 /* APItemTableViewCell.h */,
				FDC728391BB9118A0063BED1 /* APItemTableViewCell.m */,
				FDC7283B1BB911C90063BED1 /* APItemTableViewCell.xib */,
				FD85AB9C1BB8C684009F766F /* HomeTableViewController.h */,
				FD85AB9D1BB8C684009F766F /* HomeTableViewController.m */,
				FD85ABBB1BB9097A009F766F /* KeyParser.h */,
				FD85AB9F1BB8C684009F766F /* Main.storyboard */,
				FD85ABA21BB8C684009F766F /* Images.xcassets */,
				FD85ABA41BB8C684009F766F /* LaunchScreen.xib */,
				FD85AB991BB8C684009F766F /* AbsolutePunkiOS.xcdatamodeld */,
				FD85AB921BB8C684009F766F /* Supporting Files */,
			);
			path = AbsolutePunkiOS;
			sourceTree = "<group>";
		};
		FD85AB921BB8C684009F766F /* Supporting Files */ = {
			isa = PBXGroup;
			children = (
				FD85AB931BB8C684009F766F /* Info.plist */,
				FD85AB941BB8C684009F766F /* main.m */,
			);
			name = "Supporting Files";
			sourceTree = "<group>";
		};
		FD85ABAE1BB8C684009F766F /* AbsolutePunkiOSTests */ = {
			isa = PBXGroup;
			children = (
				FD85ABB11BB8C684009F766F /* AbsolutePunkiOSTests.m */,
				FD85ABAF1BB8C684009F766F /* Supporting Files */,
			);
			path = AbsolutePunkiOSTests;
			sourceTree = "<group>";
		};
		FD85ABAF1BB8C684009F766F /* Supporting Files */ = {
			isa = PBXGroup;
			children = (
				FD85ABB01BB8C684009F766F /* Info.plist */,
			);
			name = "Supporting Files";
			sourceTree = "<group>";
		};
		FDC7283D1BB912750063BED1 /* Base Class */ = {
			isa = PBXGroup;
			children = (
				FDC7283E1BB912960063BED1 /* APBaseTableViewCell.h */,
				FDC7283F1BB912A20063BED1 /* APBaseTableViewCell.m */,
			);
			name = "Base Class";
			sourceTree = "<group>";
		};
/* End PBXGroup section */

/* Begin PBXNativeTarget section */
		FD85AB8E1BB8C684009F766F /* AbsolutePunkiOS */ = {
			isa = PBXNativeTarget;
			buildConfigurationList = FD85ABB51BB8C684009F766F /* Build configuration list for PBXNativeTarget "AbsolutePunkiOS" */;
			buildPhases = (
				FD85AB8B1BB8C684009F766F /* Sources */,
				FD85AB8C1BB8C684009F766F /* Frameworks */,
				FD85AB8D1BB8C684009F766F /* Resources */,
			);
			buildRules = (
			);
			dependencies = (
			);
			name = AbsolutePunkiOS;
			productName = AbsolutePunkiOS;
			productReference = FD85AB8F1BB8C684009F766F /* AbsolutePunkiOS.app */;
			productType = "com.apple.product-type.application";
		};
		FD85ABAA1BB8C684009F766F /* AbsolutePunkiOSTests */ = {
			isa = PBXNativeTarget;
			buildConfigurationList = FD85ABB81BB8C684009F766F /* Build configuration list for PBXNativeTarget "AbsolutePunkiOSTests" */;
			buildPhases = (
				FD85ABA71BB8C684009F766F /* Sources */,
				FD85ABA81BB8C684009F766F /* Frameworks */,
				FD85ABA91BB8C684009F766F /* Resources */,
			);
			buildRules = (
			);
			dependencies = (
				FD85ABAD1BB8C684009F766F /* PBXTargetDependency */,
			);
			name = AbsolutePunkiOSTests;
			productName = AbsolutePunkiOSTests;
			productReference = FD85ABAB1BB8C684009F766F /* AbsolutePunkiOSTests.xctest */;
			productType = "com.apple.product-type.bundle.unit-test";
		};
/* End PBXNativeTarget section */

/* Begin PBXProject section */
		FD85AB871BB8C684009F766F /* Project object */ = {
			isa = PBXProject;
			attributes = {
				LastUpgradeCheck = 0640;
				ORGANIZATIONNAME = "RB de Guzman";
				TargetAttributes = {
					FD85AB8E1BB8C684009F766F = {
						CreatedOnToolsVersion = 6.4;
					};
					FD85ABAA1BB8C684009F766F = {
						CreatedOnToolsVersion = 6.4;
						TestTargetID = FD85AB8E1BB8C684009F766F;
					};
				};
			};
			buildConfigurationList = FD85AB8A1BB8C684009F766F /* Build configuration list for PBXProject "AbsolutePunkiOS" */;
			compatibilityVersion = "Xcode 3.2";
			developmentRegion = English;
			hasScannedForEncodings = 0;
			knownRegions = (
				en,
				Base,
			);
			mainGroup = FD85AB861BB8C684009F766F;
			productRefGroup = FD85AB901BB8C684009F766F /* Products */;
			projectDirPath = "";
			projectRoot = "";
			targets = (
				FD85AB8E1BB8C684009F766F /* AbsolutePunkiOS */,
				FD85ABAA1BB8C684009F766F /* AbsolutePunkiOSTests */,
			);
		};
/* End PBXProject section */

/* Begin PBXResourcesBuildPhase section */
		FD85AB8D1BB8C684009F766F /* Resources */ = {
			isa = PBXResourcesBuildPhase;
			buildActionMask = 2147483647;
			files = (
				FD85ABA11BB8C684009F766F /* Main.storyboard in Resources */,
				FD85ABA61BB8C684009F766F /* LaunchScreen.xib in Resources */,
				FD85ABA31BB8C684009F766F /* Images.xcassets in Resources */,
				FDC7283C1BB911C90063BED1 /* APItemTableViewCell.xib in Resources */,
			);
			runOnlyForDeploymentPostprocessing = 0;
		};
		FD85ABA91BB8C684009F766F /* Resources */ = {
			isa = PBXResourcesBuildPhase;
			buildActionMask = 2147483647;
			files = (
			);
			runOnlyForDeploymentPostprocessing = 0;
		};
/* End PBXResourcesBuildPhase section */

/* Begin PBXSourcesBuildPhase section */
		FD85AB8B1BB8C684009F766F /* Sources */ = {
			isa = PBXSourcesBuildPhase;
			buildActionMask = 2147483647;
			files = (
				FDC7283A1BB9118A0063BED1 /* APItemTableViewCell.m in Sources */,
				FD85AB981BB8C684009F766F /* AppDelegate.m in Sources */,
				FD85AB9B1BB8C684009F766F /* AbsolutePunkiOS.xcdatamodeld in Sources */,
				FDC728401BB912A20063BED1 /* APBaseTableViewCell.m in Sources */,
				FD85AB9E1BB8C684009F766F /* HomeTableViewController.m in Sources */,
				FD85AB951BB8C684009F766F /* main.m in Sources */,
			);
			runOnlyForDeploymentPostprocessing = 0;
		};
		FD85ABA71BB8C684009F766F /* Sources */ = {
			isa = PBXSourcesBuildPhase;
			buildActionMask = 2147483647;
			files = (
				FD85ABB21BB8C684009F766F /* AbsolutePunkiOSTests.m in Sources */,
			);
			runOnlyForDeploymentPostprocessing = 0;
		};
/* End PBXSourcesBuildPhase section */

/* Begin PBXTargetDependency section */
		FD85ABAD1BB8C684009F766F /* PBXTargetDependency */ = {
			isa = PBXTargetDependency;
			target = FD85AB8E1BB8C684009F766F /* AbsolutePunkiOS */;
			targetProxy = FD85ABAC1BB8C684009F766F /* PBXContainerItemProxy */;
		};
/* End PBXTargetDependency section */

/* Begin PBXVariantGroup section */
		FD85AB9F1BB8C684009F766F /* Main.storyboard */ = {
			isa = PBXVariantGroup;
			children = (
				FD85ABA01BB8C684009F766F /* Base */,
			);
			name = Main.storyboard;
			sourceTree = "<group>";
		};
		FD85ABA41BB8C684009F766F /* LaunchScreen.xib */ = {
			isa = PBXVariantGroup;
			children = (
				FD85ABA51BB8C684009F766F /* Base */,
			);
			name = LaunchScreen.xib;
			sourceTree = "<group>";
		};
/* End PBXVariantGroup section */

/* Begin XCBuildConfiguration section */
		FD85ABB31BB8C684009F766F /* Debug */ = {
			isa = XCBuildConfiguration;
			buildSettings = {
				ALWAYS_SEARCH_USER_PATHS = NO;
				CLANG_CXX_LANGUAGE_STANDARD = "gnu++0x";
				CLANG_CXX_LIBRARY = "libc++";
				CLANG_ENABLE_MODULES = YES;
				CLANG_ENABLE_OBJC_ARC = YES;
				CLANG_WARN_BOOL_CONVERSION = YES;
				CLANG_WARN_CONSTANT_CONVERSION = YES;
				CLANG_WARN_DIRECT_OBJC_ISA_USAGE = YES_ERROR;
				CLANG_WARN_EMPTY_BODY = YES;
				CLANG_WARN_ENUM_CONVERSION = YES;
				CLANG_WARN_INT_CONVERSION = YES;
				CLANG_WARN_OBJC_ROOT_CLASS = YES_ERROR;
				CLANG_WARN_UNREACHABLE_CODE = YES;
				CLANG_WARN__DUPLICATE_METHOD_MATCH = YES;
				"CODE_SIGN_IDENTITY[sdk=iphoneos*]" = "iPhone Developer";
				COPY_PHASE_STRIP = NO;
				DEBUG_INFORMATION_FORMAT = "dwarf-with-dsym";
				ENABLE_STRICT_OBJC_MSGSEND = YES;
				GCC_C_LANGUAGE_STANDARD = gnu99;
				GCC_DYNAMIC_NO_PIC = NO;
				GCC_NO_COMMON_BLOCKS = YES;
				GCC_OPTIMIZATION_LEVEL = 0;
				GCC_PREPROCESSOR_DEFINITIONS = (
					"DEBUG=1",
					"$(inherited)",
				);
				GCC_SYMBOLS_PRIVATE_EXTERN = NO;
				GCC_WARN_64_TO_32_BIT_CONVERSION = YES;
				GCC_WARN_ABOUT_RETURN_TYPE = YES_ERROR;
				GCC_WARN_UNDECLARED_SELECTOR = YES;
				GCC_WARN_UNINITIALIZED_AUTOS = YES_AGGRESSIVE;
				GCC_WARN_UNUSED_FUNCTION = YES;
				GCC_WARN_UNUSED_VARIABLE = YES;
				IPHONEOS_DEPLOYMENT_TARGET = 8.4;
				MTL_ENABLE_DEBUG_INFO = YES;
				ONLY_ACTIVE_ARCH = YES;
				SDKROOT = iphoneos;
			};
			name = Debug;
		};
		FD85ABB41BB8C684009F766F /* Release */ = {
			isa = XCBuildConfiguration;
			buildSettings = {
				ALWAYS_SEARCH_USER_PATHS = NO;
				CLANG_CXX_LANGUAGE_STANDARD = "gnu++0x";
				CLANG_CXX_LIBRARY = "libc++";
				CLANG_ENABLE_MODULES = YES;
				CLANG_ENABLE_OBJC_ARC = YES;
				CLANG_WARN_BOOL_CONVERSION = YES;
				CLANG_WARN_CONSTANT_CONVERSION = YES;
				CLANG_WARN_DIRECT_OBJC_ISA_USAGE = YES_ERROR;
				CLANG_WARN_EMPTY_BODY = YES;
				CLANG_WARN_ENUM_CONVERSION = YES;
				CLANG_WARN_INT_CONVERSION = YES;
				CLANG_WARN_OBJC_ROOT_CLASS = YES_ERROR;
				CLANG_WARN_UNREACHABLE_CODE = YES;
				CLANG_WARN__DUPLICATE_METHOD_MATCH = YES;
				"CODE_SIGN_IDENTITY[sdk=iphoneos*]" = "iPhone Developer";
				COPY_PHASE_STRIP = NO;
				DEBUG_INFORMATION_FORMAT = "dwarf-with-dsym";
				ENABLE_NS_ASSERTIONS = NO;
				ENABLE_STRICT_OBJC_MSGSEND = YES;
				GCC_C_LANGUAGE_STANDARD = gnu99;
				GCC_NO_COMMON_BLOCKS = YES;
				GCC_WARN_64_TO_32_BIT_CONVERSION = YES;
				GCC_WARN_ABOUT_RETURN_TYPE = YES_ERROR;
				GCC_WARN_UNDECLARED_SELECTOR = YES;
				GCC_WARN_UNINITIALIZED_AUTOS = YES_AGGRESSIVE;
				GCC_WARN_UNUSED_FUNCTION = YES;
				GCC_WARN_UNUSED_VARIABLE = YES;
				IPHONEOS_DEPLOYMENT_TARGET = 8.4;
				MTL_ENABLE_DEBUG_INFO = NO;
				SDKROOT = iphoneos;
				VALIDATE_PRODUCT = YES;
			};
			name = Release;
		};
		FD85ABB61BB8C684009F766F /* Debug */ = {
			isa = XCBuildConfiguration;
			buildSettings = {
				ASSETCATALOG_COMPILER_APPICON_NAME = AppIcon;
				INFOPLIST_FILE = AbsolutePunkiOS/Info.plist;
				LD_RUNPATH_SEARCH_PATHS = "$(inherited) @executable_path/Frameworks";
				PRODUCT_NAME = "$(TARGET_NAME)";
			};
			name = Debug;
		};
		FD85ABB71BB8C684009F766F /* Release */ = {
			isa = XCBuildConfiguration;
			buildSettings = {
				ASSETCATALOG_COMPILER_APPICON_NAME = AppIcon;
				INFOPLIST_FILE = AbsolutePunkiOS/Info.plist;
				LD_RUNPATH_SEARCH_PATHS = "$(inherited) @executable_path/Frameworks";
				PRODUCT_NAME = "$(TARGET_NAME)";
			};
			name = Release;
		};
		FD85ABB91BB8C684009F766F /* Debug */ = {
			isa = XCBuildConfiguration;
			buildSettings = {
				BUNDLE_LOADER = "$(TEST_HOST)";
				FRAMEWORK_SEARCH_PATHS = (
					"$(SDKROOT)/Developer/Library/Frameworks",
					"$(inherited)",
				);
				GCC_PREPROCESSOR_DEFINITIONS = (
					"DEBUG=1",
					"$(inherited)",
				);
				INFOPLIST_FILE = AbsolutePunkiOSTests/Info.plist;
				LD_RUNPATH_SEARCH_PATHS = "$(inherited) @executable_path/Frameworks @loader_path/Frameworks";
				PRODUCT_NAME = "$(TARGET_NAME)";
				TEST_HOST = "$(BUILT_PRODUCTS_DIR)/AbsolutePunkiOS.app/AbsolutePunkiOS";
			};
			name = Debug;
		};
		FD85ABBA1BB8C684009F766F /* Release */ = {
			isa = XCBuildConfiguration;
			buildSettings = {
				BUNDLE_LOADER = "$(TEST_HOST)";
				FRAMEWORK_SEARCH_PATHS = (
					"$(SDKROOT)/Developer/Library/Frameworks",
					"$(inherited)",
				);
				INFOPLIST_FILE = AbsolutePunkiOSTests/Info.plist;
				LD_RUNPATH_SEARCH_PATHS = "$(inherited) @executable_path/Frameworks @loader_path/Frameworks";
				PRODUCT_NAME = "$(TARGET_NAME)";
				TEST_HOST = "$(BUILT_PRODUCTS_DIR)/AbsolutePunkiOS.app/AbsolutePunkiOS";
			};
			name = Release;
		};
/* End XCBuildConfiguration section */

/* Begin XCConfigurationList section */
		FD85AB8A1BB8C684009F766F /* Build configuration list for PBXProject "AbsolutePunkiOS" */ = {
			isa = XCConfigurationList;
			buildConfigurations = (
				FD85ABB31BB8C684009F766F /* Debug */,
				FD85ABB41BB8C684009F766F /* Release */,
			);
			defaultConfigurationIsVisible = 0;
			defaultConfigurationName = Release;
		};
		FD85ABB51BB8C684009F766F /* Build configuration list for PBXNativeTarget "AbsolutePunkiOS" */ = {
			isa = XCConfigurationList;
			buildConfigurations = (
				FD85ABB61BB8C684009F766F /* Debug */,
				FD85ABB71BB8C684009F766F /* Release */,
			);
			defaultConfigurationIsVisible = 0;
			defaultConfigurationName = Release;
		};
		FD85ABB81BB8C684009F766F /* Build configuration list for PBXNativeTarget "AbsolutePunkiOSTests" */ = {
			isa = XCConfigurationList;
			buildConfigurations = (
				FD85ABB91BB8C684009F766F /* Debug */,
				FD85ABBA1BB8C684009F766F /* Release */,
			);
			defaultConfigurationIsVisible = 0;
			defaultConfigurationName = Release;
		};
/* End XCConfigurationList section */

/* Begin XCVersionGroup section */
		FD85AB991BB8C684009F766F /* AbsolutePunkiOS.xcdatamodeld */ = {
			isa = XCVersionGroup;
			children = (
				FD85AB9A1BB8C684009F766F /* AbsolutePunkiOS.xcdatamodel */,
			);
			currentVersion = FD85AB9A1BB8C684009F766F /* AbsolutePunkiOS.xcdatamodel */;
			path = AbsolutePunkiOS.xcdatamodeld;
			sourceTree = "<group>";
			versionGroupType = wrapper.xcdatamodel;
		};
/* End XCVersionGroup section */
	};
	rootObject = FD85AB871BB8C684009F766F /* Project object */;
}
